<?xml version="1.0" encoding="utf-8"?>
<Project ToolsVersion="4.0" xmlns="http://schemas.microsoft.com/developer/msbuild/2003">
  <ItemGroup>
    <Filter Include="Source Files">
      <UniqueIdentifier>{4FC737F1-C7A5-4376-A066-2A32D752A2FF}</UniqueIdentifier>
      <Extensions>cpp;c;cc;cxx;def;odl;idl;hpj;bat;asm;asmx</Extensions>
    </Filter>
    <Filter Include="Header Files">
      <UniqueIdentifier>{93995380-89BD-4b04-88EB-625FBE52EBFB}</UniqueIdentifier>
      <Extensions>h;hh;hpp;hxx;hm;inl;inc;xsd</Extensions>
    </Filter>
    <Filter Include="Resource Files">
      <UniqueIdentifier>{67DA6AB6-F800-4c08-8B7A-83BB121AAD01}</UniqueIdentifier>
      <Extensions>rc;ico;cur;bmp;dlg;rc2;rct;bin;rgs;gif;jpg;jpeg;jpe;resx;tiff;tif;png;wav;mfcribbon-ms</Extensions>
    </Filter>
  </ItemGroup>
  <ItemGroup>
    <ClCompile Include="..\..\HEN_HOUSE\egs++\egs_alias_table.cpp">
      <Filter>Source Files</Filter>
    </ClCompile>
    <ClCompile Include="..\..\HEN_HOUSE\egs++\egs_application.cpp">
      <Filter>Source Files</Filter>
    </ClCompile>
    <ClCompile Include="..\..\HEN_HOUSE\egs++\egs_atomic_relaxations.cpp">
      <Filter>Source Files</Filter>
    </ClCompile>
    <ClCompile Include="..\..\HEN_HOUSE\egs++\egs_ausgab_object.cpp">
      <Filter>Source Files</Filter>
    </ClCompile>
    <ClCompile Include="..\..\HEN_HOUSE\egs++\egs_base_geometry.cpp">
      <Filter>Source Files</Filter>
    </ClCompile>
    <ClCompile Include="..\..\HEN_HOUSE\egs++\egs_base_source.cpp">
      <Filter>Source Files</Filter>
    </ClCompile>
    <ClCompile Include="..\..\HEN_HOUSE\egs++\egs_ensdf.cpp">
      <Filter>Source Files</Filter>
    </ClCompile>
    <ClCompile Include="..\..\HEN_HOUSE\egs++\egs_fortran_geometry.cpp">
      <Filter>Source Files</Filter>
    </ClCompile>
    <ClCompile Include="..\..\HEN_HOUSE\egs++\egs_functions.cpp">
      <Filter>Source Files</Filter>
    </ClCompile>
    <ClCompile Include="..\..\HEN_HOUSE\egs++\egs_geometry_tester.cpp">
      <Filter>Source Files</Filter>
    </ClCompile>
    <ClCompile Include="..\..\HEN_HOUSE\egs++\egs_input.cpp">
      <Filter>Source Files</Filter>
    </ClCompile>
    <ClCompile Include="..\..\HEN_HOUSE\egs++\egs_interpolator.cpp">
      <Filter>Source Files</Filter>
    </ClCompile>
    <ClCompile Include="..\..\HEN_HOUSE\egs++\egs_library.cpp">
      <Filter>Source Files</Filter>
    </ClCompile>
    <ClCompile Include="..\..\HEN_HOUSE\egs++\egs_object_factory.cpp">
      <Filter>Source Files</Filter>
    </ClCompile>
    <ClCompile Include="..\..\HEN_HOUSE\egs++\egs_particle_track.cpp">
      <Filter>Source Files</Filter>
    </ClCompile>
    <ClCompile Include="..\..\HEN_HOUSE\egs++\egs_polygon.cpp">
      <Filter>Source Files</Filter>
    </ClCompile>
    <ClCompile Include="..\..\HEN_HOUSE\egs++\egs_projectors.cpp">
      <Filter>Source Files</Filter>
    </ClCompile>
    <ClCompile Include="..\..\HEN_HOUSE\egs++\egs_rndm.cpp">
      <Filter>Source Files</Filter>
    </ClCompile>
    <ClCompile Include="..\..\HEN_HOUSE\egs++\egs_run_control.cpp">
      <Filter>Source Files</Filter>
    </ClCompile>
    <ClCompile Include="..\..\HEN_HOUSE\egs++\egs_scoring.cpp">
      <Filter>Source Files</Filter>
    </ClCompile>
    <ClCompile Include="..\..\HEN_HOUSE\egs++\egs_shapes.cpp">
      <Filter>Source Files</Filter>
    </ClCompile>
    <ClCompile Include="..\..\HEN_HOUSE\egs++\egs_spectra.cpp">
      <Filter>Source Files</Filter>
    </ClCompile>
    <ClCompile Include="..\..\HEN_HOUSE\egs++\egs_timer.cpp">
      <Filter>Source Files</Filter>
    </ClCompile>
    <ClCompile Include="..\..\HEN_HOUSE\egs++\egs_transformations.cpp">
      <Filter>Source Files</Filter>
    </ClCompile>
  </ItemGroup>
  <ItemGroup>
    <ClInclude Include="..\..\HEN_HOUSE\egs++\egs_alias_table.h">
      <Filter>Header Files</Filter>
    </ClInclude>
    <ClInclude Include="..\..\HEN_HOUSE\egs++\egs_application.h">
      <Filter>Header Files</Filter>
    </ClInclude>
    <ClInclude Include="..\..\HEN_HOUSE\egs++\egs_atomic_relaxations.h">
      <Filter>Header Files</Filter>
    </ClInclude>
    <ClInclude Include="..\..\HEN_HOUSE\egs++\egs_ausgab_object.h">
      <Filter>Header Files</Filter>
    </ClInclude>
    <ClInclude Include="..\..\HEN_HOUSE\egs++\egs_base_geometry.h">
      <Filter>Header Files</Filter>
    </ClInclude>
    <ClInclude Include="..\..\HEN_HOUSE\egs++\egs_base_source.h">
      <Filter>Header Files</Filter>
    </ClInclude>
    <ClInclude Include="..\..\HEN_HOUSE\egs++\egs_ensdf.h">
      <Filter>Header Files</Filter>
    </ClInclude>
    <ClInclude Include="..\..\HEN_HOUSE\egs++\egs_fortran_geometry.h">
      <Filter>Header Files</Filter>
    </ClInclude>
    <ClInclude Include="..\..\HEN_HOUSE\egs++\egs_functions.h">
      <Filter>Header Files</Filter>
    </ClInclude>
    <ClInclude Include="..\..\HEN_HOUSE\egs++\egs_geometry_tester.h">
      <Filter>Header Files</Filter>
    </ClInclude>
    <ClInclude Include="..\..\HEN_HOUSE\egs++\egs_input.h">
      <Filter>Header Files</Filter>
    </ClInclude>
    <ClInclude Include="..\..\HEN_HOUSE\egs++\egs_interpolator.h">
      <Filter>Header Files</Filter>
    </ClInclude>
    <ClInclude Include="..\..\HEN_HOUSE\egs++\egs_libconfig.h">
      <Filter>Header Files</Filter>
    </ClInclude>
    <ClInclude Include="..\..\HEN_HOUSE\egs++\egs_library.h">
      <Filter>Header Files</Filter>
    </ClInclude>
    <ClInclude Include="..\..\HEN_HOUSE\egs++\egs_math.h">
      <Filter>Header Files</Filter>
    </ClInclude>
    <ClInclude Include="..\..\HEN_HOUSE\egs++\egs_object_factory.h">
      <Filter>Header Files</Filter>
    </ClInclude>
    <ClInclude Include="..\..\HEN_HOUSE\egs++\egs_particle_track.h">
      <Filter>Header Files</Filter>
    </ClInclude>
    <ClInclude Include="..\..\HEN_HOUSE\egs++\egs_polygon.h">
      <Filter>Header Files</Filter>
    </ClInclude>
    <ClInclude Include="..\..\HEN_HOUSE\egs++\egs_projectors.h">
      <Filter>Header Files</Filter>
    </ClInclude>
    <ClInclude Include="..\..\HEN_HOUSE\egs++\egs_rndm.h">
      <Filter>Header Files</Filter>
    </ClInclude>
    <ClInclude Include="..\..\HEN_HOUSE\egs++\egs_run_control.h">
      <Filter>Header Files</Filter>
    </ClInclude>
    <ClInclude Include="..\..\HEN_HOUSE\egs++\egs_scoring.h">
      <Filter>Header Files</Filter>
    </ClInclude>
    <ClInclude Include="..\..\HEN_HOUSE\egs++\egs_shapes.h">
      <Filter>Header Files</Filter>
    </ClInclude>
    <ClInclude Include="..\..\HEN_HOUSE\egs++\egs_simple_container.h">
      <Filter>Header Files</Filter>
    </ClInclude>
    <ClInclude Include="..\..\HEN_HOUSE\egs++\egs_timer.h">
      <Filter>Header Files</Filter>
    </ClInclude>
    <ClInclude Include="..\..\HEN_HOUSE\egs++\egs_transformations.h">
      <Filter>Header Files</Filter>
    </ClInclude>
    <ClInclude Include="..\..\HEN_HOUSE\egs++\egs_vector.h">
      <Filter>Header Files</Filter>
    </ClInclude>
    <ClInclude Include="..\..\HEN_HOUSE\egs++\missing.h">
      <Filter>Header Files</Filter>
    </ClInclude>
  </ItemGroup>
</Project>